
Microsoft Visual Studio Solution File, Format Version 12.00
# Visual Studio Version 17
VisualStudioVersion = 17.0.31912.275
MinimumVisualStudioVersion = 10.0.40219.1
Project("{FAE04EC0-301F-11D3-BF4B-00C04F79EFBC}") = "Car Manufacturers", "Procjenaa\Car Manufacturers.csproj", "{00774947-2BD5-4F70-94E4-D25202C39D34}"
EndProject
Global
	GlobalSection(SolutionConfigurationPlatforms) = preSolution
		Debug|Any CPU = Debug|Any CPU
		Release|Any CPU = Release|Any CPU
	EndGlobalSection
	GlobalSection(ProjectConfigurationPlatforms) = postSolution
		{00774947-2BD5-4F70-94E4-D25202C39D34}.Debug|Any CPU.ActiveCfg = Debug|Any CPU
		{00774947-2BD5-4F70-94E4-D25202C39D34}.Debug|Any CPU.Build.0 = Debug|Any CPU
		{00774947-2BD5-4F70-94E4-D25202C39D34}.Release|Any CPU.ActiveCfg = Release|Any CPU
		{00774947-2BD5-4F70-94E4-D25202C39D34}.Release|Any CPU.Build.0 = Release|Any CPU
	EndGlobalSection
	GlobalSection(SolutionProperties) = preSolution
		HideSolutionNode = FALSE
	EndGlobalSection
	GlobalSection(ExtensibilityGlobals) = postSolution
		SolutionGuid = {1A8709C4-D8BB-48F0-8031-043E6A417CE8}
	EndGlobalSection
EndGlobal
